{
  "name": "konva-image-editor",
  "version": "1.0.0",
  "lockfileVersion": 3,
  "requires": true,
  "packages": {
    "": {
      "name": "konva-image-editor",
      "version": "1.0.0",
      "devDependencies": {
        "esbuild": "^0.19.12"
      }
    }
  },
  "dependencies": {},
  "devDependencies": {
    "esbuild": "^0.19.12"
  }
}
